
Microsoft Visual Studio Solution File, Format Version 12.00
Project("{F2A71F9B-5D33-465A-A702-920D77279786}") = "Util", "Util\Util.fsproj", "{732A59C1-4674-40AD-802F-030E5CAC913E}"
EndProject
Project("{F2A71F9B-5D33-465A-A702-920D77279786}") = "Day1", "Day1\Day1.fsproj", "{3FC1CFBA-2D01-4E2F-95F3-76128B07E58F}"
EndProject
Project("{F2A71F9B-5D33-465A-A702-920D77279786}") = "Day2", "Day2\Day2.fsproj", "{E8221156-C39B-4248-AC1E-9003FE2E709D}"
EndProject
Project("{F2A71F9B-5D33-465A-A702-920D77279786}") = "Day2a", "Day2a\Day2a.fsproj", "{3C77384B-F10D-41B3-96FE-6D67B953B0CB}"
EndProject
Project("{F2A71F9B-5D33-465A-A702-920D77279786}") = "Day3", "Day3\Day3.fsproj", "{B255B3B6-2CE0-4535-929A-36A8AB626EC1}"
EndProject
Project("{F2A71F9B-5D33-465A-A702-920D77279786}") = "Day4", "Day4\Day4.fsproj", "{19BEAA25-32D9-41E6-B1DF-B76FFD689707}"
EndProject
Project("{F2A71F9B-5D33-465A-A702-920D77279786}") = "Day5", "Day5\Day5.fsproj", "{397D682E-CC02-49A3-8A17-869594EC08D6}"
EndProject
Project("{F2A71F9B-5D33-465A-A702-920D77279786}") = "Day6", "Day6\Day6.fsproj", "{4D9A4A28-4A27-478C-BD7C-E8B7511FFB9E}"
EndProject
Project("{F2A71F9B-5D33-465A-A702-920D77279786}") = "Day7", "Day7\Day7.fsproj", "{8378C435-542F-401F-9332-3245B4A26FF9}"
EndProject
Project("{F2A71F9B-5D33-465A-A702-920D77279786}") = "Day8", "Day8\Day8.fsproj", "{C4B58626-86EB-4826-9251-C5BED0FCB30D}"
EndProject
Project("{F2A71F9B-5D33-465A-A702-920D77279786}") = "Day8a", "Day8a\Day8a.fsproj", "{454128CF-AF03-40C0-9DFA-16E454419B82}"
EndProject
Project("{F2A71F9B-5D33-465A-A702-920D77279786}") = "Day9", "Day9\Day9.fsproj", "{65EB8EBC-83CC-4D9E-BA22-845470160D97}"
EndProject
Project("{F2A71F9B-5D33-465A-A702-920D77279786}") = "Day10", "Day10\Day10.fsproj", "{6E747BEC-D3A8-45C5-9532-83EF99DEAFEE}"
EndProject
Project("{F2A71F9B-5D33-465A-A702-920D77279786}") = "Day11", "Day11\Day11.fsproj", "{796DF630-B63D-44AD-BC8D-200843D61A5A}"
EndProject
Project("{F2A71F9B-5D33-465A-A702-920D77279786}") = "Day12", "Day12\Day12.fsproj", "{A71F433F-A278-4958-9B7B-23338C35039F}"
EndProject
Project("{F2A71F9B-5D33-465A-A702-920D77279786}") = "Day13", "Day13\Day13.fsproj", "{331FCA23-AE1A-4931-BC13-80F81C99E9F9}"
EndProject
Project("{F2A71F9B-5D33-465A-A702-920D77279786}") = "Day14", "Day14\Day14.fsproj", "{B972AB75-CB7A-4915-AB8A-DCCA9633091C}"
EndProject
Project("{F2A71F9B-5D33-465A-A702-920D77279786}") = "Day15", "Day15\Day15.fsproj", "{9ED510A9-BF40-44ED-9DD9-08822303598B}"
EndProject
Project("{F2A71F9B-5D33-465A-A702-920D77279786}") = "Day16", "Day16\Day16.fsproj", "{8BB8C394-D588-42B6-8D41-6854179925B6}"
EndProject
Project("{F2A71F9B-5D33-465A-A702-920D77279786}") = "Day16a", "Day16a\Day16a.fsproj", "{DB455ECC-D995-454A-A5A1-55D292F75214}"
EndProject
Project("{F2A71F9B-5D33-465A-A702-920D77279786}") = "Day17", "Day17\Day17.fsproj", "{6B5AE5ED-FE8D-4DCA-86E6-A8E1AF77E4A7}"
EndProject
Project("{F2A71F9B-5D33-465A-A702-920D77279786}") = "Day18", "Day18\Day18.fsproj", "{60D8809A-9312-47AB-94D0-6DC6B19BE0F5}"
EndProject
Project("{F2A71F9B-5D33-465A-A702-920D77279786}") = "Day19", "Day19\Day19.fsproj", "{59CBFBE5-2A33-46C2-83AE-1D8557EB42F1}"
EndProject
Project("{F2A71F9B-5D33-465A-A702-920D77279786}") = "Day20", "Day20\Day20.fsproj", "{95366E05-7330-4343-A93D-15519D7705BD}"
EndProject
Project("{F2A71F9B-5D33-465A-A702-920D77279786}") = "Day21", "Day21\Day21.fsproj", "{443C4749-12E5-40D8-9264-4FFA94EB20B5}"
EndProject
Project("{F2A71F9B-5D33-465A-A702-920D77279786}") = "Day22", "Day22\Day22.fsproj", "{7E552AB2-D0B7-41C8-AAB2-23BFA83DCAE0}"
EndProject
Project("{F2A71F9B-5D33-465A-A702-920D77279786}") = "Day23", "Day23\Day23.fsproj", "{33E41180-AE44-49AF-903B-72637CD4C86B}"
EndProject
Project("{F2A71F9B-5D33-465A-A702-920D77279786}") = "Day24a", "Day24a\Day24a.fsproj", "{50129B56-9C96-49F3-ACC9-1FAB32321C30}"
EndProject
Project("{F2A71F9B-5D33-465A-A702-920D77279786}") = "Day24", "Day24\Day24.fsproj", "{D2C71BC3-9714-4358-96F9-27E7D52449A3}"
EndProject
Project("{F2A71F9B-5D33-465A-A702-920D77279786}") = "Day25", "Day25\Day25.fsproj", "{171C254A-A806-4A14-A34F-012773257F6D}"
EndProject
Global
	GlobalSection(SolutionConfigurationPlatforms) = preSolution
		Debug|Any CPU = Debug|Any CPU
		Release|Any CPU = Release|Any CPU
	EndGlobalSection
	GlobalSection(ProjectConfigurationPlatforms) = postSolution
		{732A59C1-4674-40AD-802F-030E5CAC913E}.Debug|Any CPU.ActiveCfg = Debug|Any CPU
		{732A59C1-4674-40AD-802F-030E5CAC913E}.Debug|Any CPU.Build.0 = Debug|Any CPU
		{732A59C1-4674-40AD-802F-030E5CAC913E}.Release|Any CPU.ActiveCfg = Release|Any CPU
		{732A59C1-4674-40AD-802F-030E5CAC913E}.Release|Any CPU.Build.0 = Release|Any CPU
		{3FC1CFBA-2D01-4E2F-95F3-76128B07E58F}.Debug|Any CPU.ActiveCfg = Debug|Any CPU
		{3FC1CFBA-2D01-4E2F-95F3-76128B07E58F}.Debug|Any CPU.Build.0 = Debug|Any CPU
		{3FC1CFBA-2D01-4E2F-95F3-76128B07E58F}.Release|Any CPU.ActiveCfg = Release|Any CPU
		{3FC1CFBA-2D01-4E2F-95F3-76128B07E58F}.Release|Any CPU.Build.0 = Release|Any CPU
		{E8221156-C39B-4248-AC1E-9003FE2E709D}.Debug|Any CPU.ActiveCfg = Debug|Any CPU
		{E8221156-C39B-4248-AC1E-9003FE2E709D}.Debug|Any CPU.Build.0 = Debug|Any CPU
		{E8221156-C39B-4248-AC1E-9003FE2E709D}.Release|Any CPU.ActiveCfg = Release|Any CPU
		{E8221156-C39B-4248-AC1E-9003FE2E709D}.Release|Any CPU.Build.0 = Release|Any CPU
		{3C77384B-F10D-41B3-96FE-6D67B953B0CB}.Debug|Any CPU.ActiveCfg = Debug|Any CPU
		{3C77384B-F10D-41B3-96FE-6D67B953B0CB}.Debug|Any CPU.Build.0 = Debug|Any CPU
		{3C77384B-F10D-41B3-96FE-6D67B953B0CB}.Release|Any CPU.ActiveCfg = Release|Any CPU
		{3C77384B-F10D-41B3-96FE-6D67B953B0CB}.Release|Any CPU.Build.0 = Release|Any CPU
		{B255B3B6-2CE0-4535-929A-36A8AB626EC1}.Debug|Any CPU.ActiveCfg = Debug|Any CPU
		{B255B3B6-2CE0-4535-929A-36A8AB626EC1}.Debug|Any CPU.Build.0 = Debug|Any CPU
		{B255B3B6-2CE0-4535-929A-36A8AB626EC1}.Release|Any CPU.ActiveCfg = Release|Any CPU
		{B255B3B6-2CE0-4535-929A-36A8AB626EC1}.Release|Any CPU.Build.0 = Release|Any CPU
		{19BEAA25-32D9-41E6-B1DF-B76FFD689707}.Debug|Any CPU.ActiveCfg = Debug|Any CPU
		{19BEAA25-32D9-41E6-B1DF-B76FFD689707}.Debug|Any CPU.Build.0 = Debug|Any CPU
		{19BEAA25-32D9-41E6-B1DF-B76FFD689707}.Release|Any CPU.ActiveCfg = Release|Any CPU
		{19BEAA25-32D9-41E6-B1DF-B76FFD689707}.Release|Any CPU.Build.0 = Release|Any CPU
		{397D682E-CC02-49A3-8A17-869594EC08D6}.Debug|Any CPU.ActiveCfg = Debug|Any CPU
		{397D682E-CC02-49A3-8A17-869594EC08D6}.Debug|Any CPU.Build.0 = Debug|Any CPU
		{397D682E-CC02-49A3-8A17-869594EC08D6}.Release|Any CPU.ActiveCfg = Release|Any CPU
		{397D682E-CC02-49A3-8A17-869594EC08D6}.Release|Any CPU.Build.0 = Release|Any CPU
		{4D9A4A28-4A27-478C-BD7C-E8B7511FFB9E}.Debug|Any CPU.ActiveCfg = Debug|Any CPU
		{4D9A4A28-4A27-478C-BD7C-E8B7511FFB9E}.Debug|Any CPU.Build.0 = Debug|Any CPU
		{4D9A4A28-4A27-478C-BD7C-E8B7511FFB9E}.Release|Any CPU.ActiveCfg = Release|Any CPU
		{4D9A4A28-4A27-478C-BD7C-E8B7511FFB9E}.Release|Any CPU.Build.0 = Release|Any CPU
		{8378C435-542F-401F-9332-3245B4A26FF9}.Debug|Any CPU.ActiveCfg = Debug|Any CPU
		{8378C435-542F-401F-9332-3245B4A26FF9}.Debug|Any CPU.Build.0 = Debug|Any CPU
		{8378C435-542F-401F-9332-3245B4A26FF9}.Release|Any CPU.ActiveCfg = Release|Any CPU
		{8378C435-542F-401F-9332-3245B4A26FF9}.Release|Any CPU.Build.0 = Release|Any CPU
		{C4B58626-86EB-4826-9251-C5BED0FCB30D}.Debug|Any CPU.ActiveCfg = Debug|Any CPU
		{C4B58626-86EB-4826-9251-C5BED0FCB30D}.Debug|Any CPU.Build.0 = Debug|Any CPU
		{C4B58626-86EB-4826-9251-C5BED0FCB30D}.Release|Any CPU.ActiveCfg = Release|Any CPU
		{C4B58626-86EB-4826-9251-C5BED0FCB30D}.Release|Any CPU.Build.0 = Release|Any CPU
		{454128CF-AF03-40C0-9DFA-16E454419B82}.Debug|Any CPU.ActiveCfg = Debug|Any CPU
		{454128CF-AF03-40C0-9DFA-16E454419B82}.Debug|Any CPU.Build.0 = Debug|Any CPU
		{454128CF-AF03-40C0-9DFA-16E454419B82}.Release|Any CPU.ActiveCfg = Release|Any CPU
		{454128CF-AF03-40C0-9DFA-16E454419B82}.Release|Any CPU.Build.0 = Release|Any CPU
		{65EB8EBC-83CC-4D9E-BA22-845470160D97}.Debug|Any CPU.ActiveCfg = Debug|Any CPU
		{65EB8EBC-83CC-4D9E-BA22-845470160D97}.Debug|Any CPU.Build.0 = Debug|Any CPU
		{65EB8EBC-83CC-4D9E-BA22-845470160D97}.Release|Any CPU.ActiveCfg = Release|Any CPU
		{65EB8EBC-83CC-4D9E-BA22-845470160D97}.Release|Any CPU.Build.0 = Release|Any CPU
		{6E747BEC-D3A8-45C5-9532-83EF99DEAFEE}.Debug|Any CPU.ActiveCfg = Debug|Any CPU
		{6E747BEC-D3A8-45C5-9532-83EF99DEAFEE}.Debug|Any CPU.Build.0 = Debug|Any CPU
		{6E747BEC-D3A8-45C5-9532-83EF99DEAFEE}.Release|Any CPU.ActiveCfg = Release|Any CPU
		{6E747BEC-D3A8-45C5-9532-83EF99DEAFEE}.Release|Any CPU.Build.0 = Release|Any CPU
		{796DF630-B63D-44AD-BC8D-200843D61A5A}.Debug|Any CPU.ActiveCfg = Debug|Any CPU
		{796DF630-B63D-44AD-BC8D-200843D61A5A}.Debug|Any CPU.Build.0 = Debug|Any CPU
		{796DF630-B63D-44AD-BC8D-200843D61A5A}.Release|Any CPU.ActiveCfg = Release|Any CPU
		{796DF630-B63D-44AD-BC8D-200843D61A5A}.Release|Any CPU.Build.0 = Release|Any CPU
		{A71F433F-A278-4958-9B7B-23338C35039F}.Debug|Any CPU.ActiveCfg = Debug|Any CPU
		{A71F433F-A278-4958-9B7B-23338C35039F}.Debug|Any CPU.Build.0 = Debug|Any CPU
		{A71F433F-A278-4958-9B7B-23338C35039F}.Release|Any CPU.ActiveCfg = Release|Any CPU
		{A71F433F-A278-4958-9B7B-23338C35039F}.Release|Any CPU.Build.0 = Release|Any CPU
		{331FCA23-AE1A-4931-BC13-80F81C99E9F9}.Debug|Any CPU.ActiveCfg = Debug|Any CPU
		{331FCA23-AE1A-4931-BC13-80F81C99E9F9}.Debug|Any CPU.Build.0 = Debug|Any CPU
		{331FCA23-AE1A-4931-BC13-80F81C99E9F9}.Release|Any CPU.ActiveCfg = Release|Any CPU
		{331FCA23-AE1A-4931-BC13-80F81C99E9F9}.Release|Any CPU.Build.0 = Release|Any CPU
		{B972AB75-CB7A-4915-AB8A-DCCA9633091C}.Debug|Any CPU.ActiveCfg = Debug|Any CPU
		{B972AB75-CB7A-4915-AB8A-DCCA9633091C}.Debug|Any CPU.Build.0 = Debug|Any CPU
		{B972AB75-CB7A-4915-AB8A-DCCA9633091C}.Release|Any CPU.ActiveCfg = Release|Any CPU
		{B972AB75-CB7A-4915-AB8A-DCCA9633091C}.Release|Any CPU.Build.0 = Release|Any CPU
		{9ED510A9-BF40-44ED-9DD9-08822303598B}.Debug|Any CPU.ActiveCfg = Debug|Any CPU
		{9ED510A9-BF40-44ED-9DD9-08822303598B}.Debug|Any CPU.Build.0 = Debug|Any CPU
		{9ED510A9-BF40-44ED-9DD9-08822303598B}.Release|Any CPU.ActiveCfg = Release|Any CPU
		{9ED510A9-BF40-44ED-9DD9-08822303598B}.Release|Any CPU.Build.0 = Release|Any CPU
		{8BB8C394-D588-42B6-8D41-6854179925B6}.Debug|Any CPU.ActiveCfg = Debug|Any CPU
		{8BB8C394-D588-42B6-8D41-6854179925B6}.Debug|Any CPU.Build.0 = Debug|Any CPU
		{8BB8C394-D588-42B6-8D41-6854179925B6}.Release|Any CPU.ActiveCfg = Release|Any CPU
		{8BB8C394-D588-42B6-8D41-6854179925B6}.Release|Any CPU.Build.0 = Release|Any CPU
		{DB455ECC-D995-454A-A5A1-55D292F75214}.Debug|Any CPU.ActiveCfg = Debug|Any CPU
		{DB455ECC-D995-454A-A5A1-55D292F75214}.Debug|Any CPU.Build.0 = Debug|Any CPU
		{DB455ECC-D995-454A-A5A1-55D292F75214}.Release|Any CPU.ActiveCfg = Release|Any CPU
		{DB455ECC-D995-454A-A5A1-55D292F75214}.Release|Any CPU.Build.0 = Release|Any CPU
		{6B5AE5ED-FE8D-4DCA-86E6-A8E1AF77E4A7}.Debug|Any CPU.ActiveCfg = Debug|Any CPU
		{6B5AE5ED-FE8D-4DCA-86E6-A8E1AF77E4A7}.Debug|Any CPU.Build.0 = Debug|Any CPU
		{6B5AE5ED-FE8D-4DCA-86E6-A8E1AF77E4A7}.Release|Any CPU.ActiveCfg = Release|Any CPU
		{6B5AE5ED-FE8D-4DCA-86E6-A8E1AF77E4A7}.Release|Any CPU.Build.0 = Release|Any CPU
		{60D8809A-9312-47AB-94D0-6DC6B19BE0F5}.Debug|Any CPU.ActiveCfg = Debug|Any CPU
		{60D8809A-9312-47AB-94D0-6DC6B19BE0F5}.Debug|Any CPU.Build.0 = Debug|Any CPU
		{60D8809A-9312-47AB-94D0-6DC6B19BE0F5}.Release|Any CPU.ActiveCfg = Release|Any CPU
		{60D8809A-9312-47AB-94D0-6DC6B19BE0F5}.Release|Any CPU.Build.0 = Release|Any CPU
		{59CBFBE5-2A33-46C2-83AE-1D8557EB42F1}.Debug|Any CPU.ActiveCfg = Debug|Any CPU
		{59CBFBE5-2A33-46C2-83AE-1D8557EB42F1}.Debug|Any CPU.Build.0 = Debug|Any CPU
		{59CBFBE5-2A33-46C2-83AE-1D8557EB42F1}.Release|Any CPU.ActiveCfg = Release|Any CPU
		{59CBFBE5-2A33-46C2-83AE-1D8557EB42F1}.Release|Any CPU.Build.0 = Release|Any CPU
		{95366E05-7330-4343-A93D-15519D7705BD}.Debug|Any CPU.ActiveCfg = Debug|Any CPU
		{95366E05-7330-4343-A93D-15519D7705BD}.Debug|Any CPU.Build.0 = Debug|Any CPU
		{95366E05-7330-4343-A93D-15519D7705BD}.Release|Any CPU.ActiveCfg = Release|Any CPU
		{95366E05-7330-4343-A93D-15519D7705BD}.Release|Any CPU.Build.0 = Release|Any CPU
		{443C4749-12E5-40D8-9264-4FFA94EB20B5}.Debug|Any CPU.ActiveCfg = Debug|Any CPU
		{443C4749-12E5-40D8-9264-4FFA94EB20B5}.Debug|Any CPU.Build.0 = Debug|Any CPU
		{443C4749-12E5-40D8-9264-4FFA94EB20B5}.Release|Any CPU.ActiveCfg = Release|Any CPU
		{443C4749-12E5-40D8-9264-4FFA94EB20B5}.Release|Any CPU.Build.0 = Release|Any CPU
		{7E552AB2-D0B7-41C8-AAB2-23BFA83DCAE0}.Debug|Any CPU.ActiveCfg = Debug|Any CPU
		{7E552AB2-D0B7-41C8-AAB2-23BFA83DCAE0}.Debug|Any CPU.Build.0 = Debug|Any CPU
		{7E552AB2-D0B7-41C8-AAB2-23BFA83DCAE0}.Release|Any CPU.ActiveCfg = Release|Any CPU
		{7E552AB2-D0B7-41C8-AAB2-23BFA83DCAE0}.Release|Any CPU.Build.0 = Release|Any CPU
		{33E41180-AE44-49AF-903B-72637CD4C86B}.Debug|Any CPU.ActiveCfg = Debug|Any CPU
		{33E41180-AE44-49AF-903B-72637CD4C86B}.Debug|Any CPU.Build.0 = Debug|Any CPU
		{33E41180-AE44-49AF-903B-72637CD4C86B}.Release|Any CPU.ActiveCfg = Release|Any CPU
		{33E41180-AE44-49AF-903B-72637CD4C86B}.Release|Any CPU.Build.0 = Release|Any CPU
		{50129B56-9C96-49F3-ACC9-1FAB32321C30}.Debug|Any CPU.ActiveCfg = Debug|Any CPU
		{50129B56-9C96-49F3-ACC9-1FAB32321C30}.Debug|Any CPU.Build.0 = Debug|Any CPU
		{50129B56-9C96-49F3-ACC9-1FAB32321C30}.Release|Any CPU.ActiveCfg = Release|Any CPU
		{50129B56-9C96-49F3-ACC9-1FAB32321C30}.Release|Any CPU.Build.0 = Release|Any CPU
		{D2C71BC3-9714-4358-96F9-27E7D52449A3}.Debug|Any CPU.ActiveCfg = Debug|Any CPU
		{D2C71BC3-9714-4358-96F9-27E7D52449A3}.Debug|Any CPU.Build.0 = Debug|Any CPU
		{D2C71BC3-9714-4358-96F9-27E7D52449A3}.Release|Any CPU.ActiveCfg = Release|Any CPU
		{D2C71BC3-9714-4358-96F9-27E7D52449A3}.Release|Any CPU.Build.0 = Release|Any CPU
		{171C254A-A806-4A14-A34F-012773257F6D}.Debug|Any CPU.ActiveCfg = Debug|Any CPU
		{171C254A-A806-4A14-A34F-012773257F6D}.Debug|Any CPU.Build.0 = Debug|Any CPU
		{171C254A-A806-4A14-A34F-012773257F6D}.Release|Any CPU.ActiveCfg = Release|Any CPU
		{171C254A-A806-4A14-A34F-012773257F6D}.Release|Any CPU.Build.0 = Release|Any CPU
	EndGlobalSection
EndGlobal
